
Microsoft Visual Studio Solution File, Format Version 12.00
# Visual Studio Version 16
VisualStudioVersion = 16.0.30907.101
MinimumVisualStudioVersion = 10.0.40219.1
Project("{9A19103F-16F7-4668-BE54-9A1E7A4F7556}") = "CinemaWeb", "CinemaWeb\CinemaWeb.csproj", "{AECFFF3C-69C2-4643-BD08-4B8C8820BA0B}"
EndProject
Project("{9A19103F-16F7-4668-BE54-9A1E7A4F7556}") = "CinemaLogic", "CinemaLogic\CinemaLogic.csproj", "{0C784DC5-5D4C-4EB0-ADF2-F0B2185CB51C}"
EndProject
Project("{2150E333-8FDC-42A3-9474-1A3956D46DE8}") = "Bootstrap", "Bootstrap", "{A2135DB5-7630-4BF8-9BF1-6E80D01C96EF}"
	ProjectSection(SolutionItems) = preProject
		CinemaCategories.html = CinemaCategories.html
		Main.html = Main.html
		MyBooking.html = MyBooking.html
	EndProjectSection
EndProject
Project("{FAE04EC0-301F-11D3-BF4B-00C04F79EFBC}") = "CinemaConsoleNew", "CinemaConsoleNew\CinemaConsoleNew.csproj", "{8CFF73AB-D44A-4720-9A32-086E71BF1DDA}"
EndProject
Global
	GlobalSection(SolutionConfigurationPlatforms) = preSolution
		Debug|Any CPU = Debug|Any CPU
		Release|Any CPU = Release|Any CPU
	EndGlobalSection
	GlobalSection(ProjectConfigurationPlatforms) = postSolution
		{AECFFF3C-69C2-4643-BD08-4B8C8820BA0B}.Debug|Any CPU.ActiveCfg = Debug|Any CPU
		{AECFFF3C-69C2-4643-BD08-4B8C8820BA0B}.Debug|Any CPU.Build.0 = Debug|Any CPU
		{AECFFF3C-69C2-4643-BD08-4B8C8820BA0B}.Release|Any CPU.ActiveCfg = Release|Any CPU
		{AECFFF3C-69C2-4643-BD08-4B8C8820BA0B}.Release|Any CPU.Build.0 = Release|Any CPU
		{0C784DC5-5D4C-4EB0-ADF2-F0B2185CB51C}.Debug|Any CPU.ActiveCfg = Debug|Any CPU
		{0C784DC5-5D4C-4EB0-ADF2-F0B2185CB51C}.Debug|Any CPU.Build.0 = Debug|Any CPU
		{0C784DC5-5D4C-4EB0-ADF2-F0B2185CB51C}.Release|Any CPU.ActiveCfg = Release|Any CPU
		{0C784DC5-5D4C-4EB0-ADF2-F0B2185CB51C}.Release|Any CPU.Build.0 = Release|Any CPU
		{8CFF73AB-D44A-4720-9A32-086E71BF1DDA}.Debug|Any CPU.ActiveCfg = Debug|Any CPU
		{8CFF73AB-D44A-4720-9A32-086E71BF1DDA}.Debug|Any CPU.Build.0 = Debug|Any CPU
		{8CFF73AB-D44A-4720-9A32-086E71BF1DDA}.Release|Any CPU.ActiveCfg = Release|Any CPU
		{8CFF73AB-D44A-4720-9A32-086E71BF1DDA}.Release|Any CPU.Build.0 = Release|Any CPU
	EndGlobalSection
	GlobalSection(SolutionProperties) = preSolution
		HideSolutionNode = FALSE
	EndGlobalSection
	GlobalSection(ExtensibilityGlobals) = postSolution
		SolutionGuid = {C48C1E05-5111-407C-A525-8985457AB7ED}
	EndGlobalSection
EndGlobal
