
Microsoft Visual Studio Solution File, Format Version 12.00
# Visual Studio Version 16
VisualStudioVersion = 16.0.30907.101
MinimumVisualStudioVersion = 10.0.40219.1
Project("{FAE04EC0-301F-11D3-BF4B-00C04F79EFBC}") = "C2_Day15", "C2_Day15\C2_Day15.csproj", "{B64DC2CA-7BF2-4E68-B417-747F41323157}"
EndProject
Global
	GlobalSection(SolutionConfigurationPlatforms) = preSolution
		Debug|Any CPU = Debug|Any CPU
		Release|Any CPU = Release|Any CPU
	EndGlobalSection
	GlobalSection(ProjectConfigurationPlatforms) = postSolution
		{B64DC2CA-7BF2-4E68-B417-747F41323157}.Debug|Any CPU.ActiveCfg = Debug|Any CPU
		{B64DC2CA-7BF2-4E68-B417-747F41323157}.Debug|Any CPU.Build.0 = Debug|Any CPU
		{B64DC2CA-7BF2-4E68-B417-747F41323157}.Release|Any CPU.ActiveCfg = Release|Any CPU
		{B64DC2CA-7BF2-4E68-B417-747F41323157}.Release|Any CPU.Build.0 = Release|Any CPU
	EndGlobalSection
	GlobalSection(SolutionProperties) = preSolution
		HideSolutionNode = FALSE
	EndGlobalSection
	GlobalSection(ExtensibilityGlobals) = postSolution
		SolutionGuid = {C48C1E05-5111-407C-A525-8985457AB7ED}
	EndGlobalSection
EndGlobal
